
Microsoft Visual Studio Solution File, Format Version 12.00
# Visual Studio Version 17
VisualStudioVersion = 17.4.33110.190
MinimumVisualStudioVersion = 10.0.40219.1
Project("{FAE04EC0-301F-11D3-BF4B-00C04F79EFBC}") = "MvcMovie", "MvcMovie.csproj", "{9901AA8E-5B43-4991-A238-0445D3A768CF}"
EndProject
Global
	GlobalSection(SolutionConfigurationPlatforms) = preSolution
		Debug|Any CPU = Debug|Any CPU
		Release|Any CPU = Release|Any CPU
	EndGlobalSection
	GlobalSection(ProjectConfigurationPlatforms) = postSolution
		{9901AA8E-5B43-4991-A238-0445D3A768CF}.Debug|Any CPU.ActiveCfg = Debug|Any CPU
		{9901AA8E-5B43-4991-A238-0445D3A768CF}.Debug|Any CPU.Build.0 = Debug|Any CPU
		{9901AA8E-5B43-4991-A238-0445D3A768CF}.Release|Any CPU.ActiveCfg = Release|Any CPU
		{9901AA8E-5B43-4991-A238-0445D3A768CF}.Release|Any CPU.Build.0 = Release|Any CPU
	EndGlobalSection
	GlobalSection(SolutionProperties) = preSolution
		HideSolutionNode = FALSE
	EndGlobalSection
	GlobalSection(ExtensibilityGlobals) = postSolution
		SolutionGuid = {A33BD630-6490-415F-8942-796F155D1A11}
	EndGlobalSection
EndGlobal
